
Microsoft Visual Studio Solution File, Format Version 12.00
# Visual Studio Version 16
VisualStudioVersion = 16.0.30907.101
MinimumVisualStudioVersion = 10.0.40219.1
Project("{9A19103F-16F7-4668-BE54-9A1E7A4F7556}") = "NetworkLogParseManager", "NetworkLogParseManager\NetworkLogParseManager.csproj", "{7AA593C8-45D1-4DD2-BFF8-5E7F89F11ED6}"
EndProject
Project("{9A19103F-16F7-4668-BE54-9A1E7A4F7556}") = "XUnitTestLogParser", "XUnitTestLogParser\XUnitTestLogParser.csproj", "{078C8DEB-A9F5-4416-9B51-C1030826B087}"
EndProject
Global
	GlobalSection(SolutionConfigurationPlatforms) = preSolution
		Debug|Any CPU = Debug|Any CPU
		Release|Any CPU = Release|Any CPU
	EndGlobalSection
	GlobalSection(ProjectConfigurationPlatforms) = postSolution
		{7AA593C8-45D1-4DD2-BFF8-5E7F89F11ED6}.Debug|Any CPU.ActiveCfg = Debug|Any CPU
		{7AA593C8-45D1-4DD2-BFF8-5E7F89F11ED6}.Debug|Any CPU.Build.0 = Debug|Any CPU
		{7AA593C8-45D1-4DD2-BFF8-5E7F89F11ED6}.Release|Any CPU.ActiveCfg = Release|Any CPU
		{7AA593C8-45D1-4DD2-BFF8-5E7F89F11ED6}.Release|Any CPU.Build.0 = Release|Any CPU
		{078C8DEB-A9F5-4416-9B51-C1030826B087}.Debug|Any CPU.ActiveCfg = Debug|Any CPU
		{078C8DEB-A9F5-4416-9B51-C1030826B087}.Debug|Any CPU.Build.0 = Debug|Any CPU
		{078C8DEB-A9F5-4416-9B51-C1030826B087}.Release|Any CPU.ActiveCfg = Release|Any CPU
		{078C8DEB-A9F5-4416-9B51-C1030826B087}.Release|Any CPU.Build.0 = Release|Any CPU
	EndGlobalSection
	GlobalSection(SolutionProperties) = preSolution
		HideSolutionNode = FALSE
	EndGlobalSection
	GlobalSection(ExtensibilityGlobals) = postSolution
		SolutionGuid = {B285847D-1029-4E84-AD20-79733C948278}
	EndGlobalSection
EndGlobal
